// !$*UTF8*$!
{
	archiveVersion = 1;
	classes = {
	};
	objectVersion = 50;
	objects = {

/* Begin PBXBuildFile section */
		3AC8CCF526F796BA0045DB67 /* SubscriptionManager.swift in Sources */ = {isa = PBXBuildFile; fileRef = 3AC8CCF426F796BA0045DB67 /* SubscriptionManager.swift */; };
		3AC8CCF726F7970D0045DB67 /* NotificationManager.swift in Sources */ = {isa = PBXBuildFile; fileRef = 3AC8CCF626F7970D0045DB67 /* NotificationManager.swift */; };
		3AC8CCF926F797440045DB67 /* LandscapeManager.swift in Sources */ = {isa = PBXBuildFile; fileRef = 3AC8CCF826F797440045DB67 /* LandscapeManager.swift */; };
		3AC8CCFB26F79A320045DB67 /* BackgroundImageViewController.swift in Sources */ = {isa = PBXBuildFile; fileRef = 3AC8CCFA26F79A320045DB67 /* BackgroundImageViewController.swift */; };
		3AC8CCFE26F79DF90045DB67 /* Onboarding.storyboard in Resources */ = {isa = PBXBuildFile; fileRef = 3AC8CCFD26F79DF90045DB67 /* Onboarding.storyboard */; };
		3AC8CD0026F79E160045DB67 /* Main.storyboard in Resources */ = {isa = PBXBuildFile; fileRef = 3AC8CCFF26F79E160045DB67 /* Main.storyboard */; };
		3AC8CD0626F79EB50045DB67 /* MainViewController.swift in Sources */ = {isa = PBXBuildFile; fileRef = 3AC8CD0526F79EB50045DB67 /* MainViewController.swift */; };
		3AC8CD0826F79EC40045DB67 /* OnboardingViewController.swift in Sources */ = {isa = PBXBuildFile; fileRef = 3AC8CD0726F79EC40045DB67 /* OnboardingViewController.swift */; };
		46027F2C4A49B6B0F3796448 /* libPods-FakeCalls.a in Frameworks */ = {isa = PBXBuildFile; fileRef = 5957817588640AE302853A56 /* libPods-FakeCalls.a */; };
		AF4C56182700AD4C00322283 /* hk-grotesk.semibold.ttf in Resources */ = {isa = PBXBuildFile; fileRef = AF4C56172700AD4C00322283 /* hk-grotesk.semibold.ttf */; };
		AF4C561A2700AD6000322283 /* hk-grotesk.regular.ttf in Resources */ = {isa = PBXBuildFile; fileRef = AF4C56192700AD6000322283 /* hk-grotesk.regular.ttf */; };
		AF4C561C2700AD6A00322283 /* hk-grotesk.medium.ttf in Resources */ = {isa = PBXBuildFile; fileRef = AF4C561B2700AD6A00322283 /* hk-grotesk.medium.ttf */; };
		AF4C561E2700AD7400322283 /* hk-grotesk.bold.ttf in Resources */ = {isa = PBXBuildFile; fileRef = AF4C561D2700AD7400322283 /* hk-grotesk.bold.ttf */; };
		AF4C56202700AF0C00322283 /* HKGrotesk-ExtraBold.ttf in Resources */ = {isa = PBXBuildFile; fileRef = AF4C561F2700AF0C00322283 /* HKGrotesk-ExtraBold.ttf */; };
		AF4C56222700BF1000322283 /* Constants.swift in Sources */ = {isa = PBXBuildFile; fileRef = AF4C56212700BF1000322283 /* Constants.swift */; };
		AF4C56242702362500322283 /* SettingsViewController.swift in Sources */ = {isa = PBXBuildFile; fileRef = AF4C56232702362400322283 /* SettingsViewController.swift */; };
		AF4C56262706639200322283 /* SecondaryButton.swift in Sources */ = {isa = PBXBuildFile; fileRef = AF4C56252706639200322283 /* SecondaryButton.swift */; };
		AFBD1B2E26F74AA6007F68AB /* AppDelegate.swift in Sources */ = {isa = PBXBuildFile; fileRef = AFBD1B2D26F74AA6007F68AB /* AppDelegate.swift */; };
		AFBD1B3226F74AA6007F68AB /* WelcomeViewController.swift in Sources */ = {isa = PBXBuildFile; fileRef = AFBD1B3126F74AA6007F68AB /* WelcomeViewController.swift */; };
		AFBD1B3526F74AA6007F68AB /* Welcome.storyboard in Resources */ = {isa = PBXBuildFile; fileRef = AFBD1B3326F74AA6007F68AB /* Welcome.storyboard */; };
		AFBD1B3726F74AAA007F68AB /* Assets.xcassets in Resources */ = {isa = PBXBuildFile; fileRef = AFBD1B3626F74AAA007F68AB /* Assets.xcassets */; };
		AFBD1B3A26F74AAA007F68AB /* LaunchScreen.storyboard in Resources */ = {isa = PBXBuildFile; fileRef = AFBD1B3826F74AAA007F68AB /* LaunchScreen.storyboard */; };
		AFBD1B4526FA09B4007F68AB /* PrimaryButton.swift in Sources */ = {isa = PBXBuildFile; fileRef = AFBD1B4426FA09B4007F68AB /* PrimaryButton.swift */; };
		AFBD1B4726FA13F1007F68AB /* UIView+extension.swift in Sources */ = {isa = PBXBuildFile; fileRef = AFBD1B4626FA13F1007F68AB /* UIView+extension.swift */; };
		AFF32CEE2708AE4B00B0DD10 /* CallerViewController.swift in Sources */ = {isa = PBXBuildFile; fileRef = AFF32CED2708AE4B00B0DD10 /* CallerViewController.swift */; };
		AFF32CF02708C01600B0DD10 /* RingtoneViewController.swift in Sources */ = {isa = PBXBuildFile; fileRef = AFF32CEF2708C01600B0DD10 /* RingtoneViewController.swift */; };
		AFF32CF22708C08F00B0DD10 /* CallerVoiceViewController.swift in Sources */ = {isa = PBXBuildFile; fileRef = AFF32CF12708C08F00B0DD10 /* CallerVoiceViewController.swift */; };
/* End PBXBuildFile section */

/* Begin PBXFileReference section */
		3AC8CCF426F796BA0045DB67 /* SubscriptionManager.swift */ = {isa = PBXFileReference; lastKnownFileType = sourcecode.swift; path = SubscriptionManager.swift; sourceTree = "<group>"; };
		3AC8CCF626F7970D0045DB67 /* NotificationManager.swift */ = {isa = PBXFileReference; lastKnownFileType = sourcecode.swift; path = NotificationManager.swift; sourceTree = "<group>"; };
		3AC8CCF826F797440045DB67 /* LandscapeManager.swift */ = {isa = PBXFileReference; lastKnownFileType = sourcecode.swift; path = LandscapeManager.swift; sourceTree = "<group>"; };
		3AC8CCFA26F79A320045DB67 /* BackgroundImageViewController.swift */ = {isa = PBXFileReference; lastKnownFileType = sourcecode.swift; path = BackgroundImageViewController.swift; sourceTree = "<group>"; };
		3AC8CCFD26F79DF90045DB67 /* Onboarding.storyboard */ = {isa = PBXFileReference; lastKnownFileType = file.storyboard; path = Onboarding.storyboard; sourceTree = "<group>"; };
		3AC8CCFF26F79E160045DB67 /* Main.storyboard */ = {isa = PBXFileReference; lastKnownFileType = file.storyboard; path = Main.storyboard; sourceTree = "<group>"; };
		3AC8CD0526F79EB50045DB67 /* MainViewController.swift */ = {isa = PBXFileReference; lastKnownFileType = sourcecode.swift; path = MainViewController.swift; sourceTree = "<group>"; };
		3AC8CD0726F79EC40045DB67 /* OnboardingViewController.swift */ = {isa = PBXFileReference; lastKnownFileType = sourcecode.swift; path = OnboardingViewController.swift; sourceTree = "<group>"; };
		5957817588640AE302853A56 /* libPods-FakeCalls.a */ = {isa = PBXFileReference; explicitFileType = archive.ar; includeInIndex = 0; path = "libPods-FakeCalls.a"; sourceTree = BUILT_PRODUCTS_DIR; };
		8C5B845924D409E18CDBA6A4 /* Pods-FakeCalls.debug.xcconfig */ = {isa = PBXFileReference; includeInIndex = 1; lastKnownFileType = text.xcconfig; name = "Pods-FakeCalls.debug.xcconfig"; path = "Target Support Files/Pods-FakeCalls/Pods-FakeCalls.debug.xcconfig"; sourceTree = "<group>"; };
		AF4C56172700AD4C00322283 /* hk-grotesk.semibold.ttf */ = {isa = PBXFileReference; lastKnownFileType = file; path = "hk-grotesk.semibold.ttf"; sourceTree = "<group>"; };
		AF4C56192700AD6000322283 /* hk-grotesk.regular.ttf */ = {isa = PBXFileReference; lastKnownFileType = file; path = "hk-grotesk.regular.ttf"; sourceTree = "<group>"; };
		AF4C561B2700AD6A00322283 /* hk-grotesk.medium.ttf */ = {isa = PBXFileReference; lastKnownFileType = file; path = "hk-grotesk.medium.ttf"; sourceTree = "<group>"; };
		AF4C561D2700AD7400322283 /* hk-grotesk.bold.ttf */ = {isa = PBXFileReference; lastKnownFileType = file; path = "hk-grotesk.bold.ttf"; sourceTree = "<group>"; };
		AF4C561F2700AF0C00322283 /* HKGrotesk-ExtraBold.ttf */ = {isa = PBXFileReference; lastKnownFileType = file; path = "HKGrotesk-ExtraBold.ttf"; sourceTree = "<group>"; };
		AF4C56212700BF1000322283 /* Constants.swift */ = {isa = PBXFileReference; lastKnownFileType = sourcecode.swift; path = Constants.swift; sourceTree = "<group>"; };
		AF4C56232702362400322283 /* SettingsViewController.swift */ = {isa = PBXFileReference; lastKnownFileType = sourcecode.swift; path = SettingsViewController.swift; sourceTree = "<group>"; };
		AF4C56252706639200322283 /* SecondaryButton.swift */ = {isa = PBXFileReference; lastKnownFileType = sourcecode.swift; path = SecondaryButton.swift; sourceTree = "<group>"; };
		AFBD1B2A26F74AA6007F68AB /* FakeCalls.app */ = {isa = PBXFileReference; explicitFileType = wrapper.application; includeInIndex = 0; path = FakeCalls.app; sourceTree = BUILT_PRODUCTS_DIR; };
		AFBD1B2D26F74AA6007F68AB /* AppDelegate.swift */ = {isa = PBXFileReference; lastKnownFileType = sourcecode.swift; path = AppDelegate.swift; sourceTree = "<group>"; };
		AFBD1B3126F74AA6007F68AB /* WelcomeViewController.swift */ = {isa = PBXFileReference; lastKnownFileType = sourcecode.swift; path = WelcomeViewController.swift; sourceTree = "<group>"; };
		AFBD1B3426F74AA6007F68AB /* Base */ = {isa = PBXFileReference; lastKnownFileType = file.storyboard; name = Base; path = Base.lproj/Welcome.storyboard; sourceTree = "<group>"; };
		AFBD1B3626F74AAA007F68AB /* Assets.xcassets */ = {isa = PBXFileReference; lastKnownFileType = folder.assetcatalog; path = Assets.xcassets; sourceTree = "<group>"; };
		AFBD1B3926F74AAA007F68AB /* Base */ = {isa = PBXFileReference; lastKnownFileType = file.storyboard; name = Base; path = Base.lproj/LaunchScreen.storyboard; sourceTree = "<group>"; };
		AFBD1B3B26F74AAA007F68AB /* Info.plist */ = {isa = PBXFileReference; lastKnownFileType = text.plist.xml; path = Info.plist; sourceTree = "<group>"; };
		AFBD1B4426FA09B4007F68AB /* PrimaryButton.swift */ = {isa = PBXFileReference; lastKnownFileType = sourcecode.swift; path = PrimaryButton.swift; sourceTree = "<group>"; };
		AFBD1B4626FA13F1007F68AB /* UIView+extension.swift */ = {isa = PBXFileReference; lastKnownFileType = sourcecode.swift; path = "UIView+extension.swift"; sourceTree = "<group>"; };
		AFF32CED2708AE4B00B0DD10 /* CallerViewController.swift */ = {isa = PBXFileReference; lastKnownFileType = sourcecode.swift; path = CallerViewController.swift; sourceTree = "<group>"; };
		AFF32CEF2708C01600B0DD10 /* RingtoneViewController.swift */ = {isa = PBXFileReference; lastKnownFileType = sourcecode.swift; path = RingtoneViewController.swift; sourceTree = "<group>"; };
		AFF32CF12708C08F00B0DD10 /* CallerVoiceViewController.swift */ = {isa = PBXFileReference; lastKnownFileType = sourcecode.swift; path = CallerVoiceViewController.swift; sourceTree = "<group>"; };
		D3834D96D5C88F5DC81BA97B /* Pods-FakeCalls.release.xcconfig */ = {isa = PBXFileReference; includeInIndex = 1; lastKnownFileType = text.xcconfig; name = "Pods-FakeCalls.release.xcconfig"; path = "Target Support Files/Pods-FakeCalls/Pods-FakeCalls.release.xcconfig"; sourceTree = "<group>"; };
/* End PBXFileReference section */

/* Begin PBXFrameworksBuildPhase section */
		AFBD1B2726F74AA6007F68AB /* Frameworks */ = {
			isa = PBXFrameworksBuildPhase;
			buildActionMask = 2147483647;
			files = (
				46027F2C4A49B6B0F3796448 /* libPods-FakeCalls.a in Frameworks */,
			);
			runOnlyForDeploymentPostprocessing = 0;
		};
/* End PBXFrameworksBuildPhase section */

/* Begin PBXGroup section */
		34849160971C0C448FDF677D /* Frameworks */ = {
			isa = PBXGroup;
			children = (
				5957817588640AE302853A56 /* libPods-FakeCalls.a */,
			);
			name = Frameworks;
			sourceTree = "<group>";
		};
		3AC8CCF326F796A40045DB67 /* Managers */ = {
			isa = PBXGroup;
			children = (
				3AC8CCF426F796BA0045DB67 /* SubscriptionManager.swift */,
				3AC8CCF826F797440045DB67 /* LandscapeManager.swift */,
				3AC8CCF626F7970D0045DB67 /* NotificationManager.swift */,
			);
			path = Managers;
			sourceTree = "<group>";
		};
		3AC8CCFC26F79DE40045DB67 /* Storyboards */ = {
			isa = PBXGroup;
			children = (
				AFBD1B3326F74AA6007F68AB /* Welcome.storyboard */,
				3AC8CCFD26F79DF90045DB67 /* Onboarding.storyboard */,
				3AC8CCFF26F79E160045DB67 /* Main.storyboard */,
			);
			path = Storyboards;
			sourceTree = "<group>";
		};
		3AC8CD0126F79E760045DB67 /* ViewControllers */ = {
			isa = PBXGroup;
			children = (
				AFBD1B3126F74AA6007F68AB /* WelcomeViewController.swift */,
				3AC8CCFA26F79A320045DB67 /* BackgroundImageViewController.swift */,
				3AC8CD0426F79E990045DB67 /* Onboarding */,
				3AC8CD0226F79E8A0045DB67 /* Main */,
			);
			path = ViewControllers;
			sourceTree = "<group>";
		};
		3AC8CD0226F79E8A0045DB67 /* Main */ = {
			isa = PBXGroup;
			children = (
				AF4C56232702362400322283 /* SettingsViewController.swift */,
				3AC8CD0526F79EB50045DB67 /* MainViewController.swift */,
				AFF32CED2708AE4B00B0DD10 /* CallerViewController.swift */,
				AFF32CEF2708C01600B0DD10 /* RingtoneViewController.swift */,
				AFF32CF12708C08F00B0DD10 /* CallerVoiceViewController.swift */,
			);
			path = Main;
			sourceTree = "<group>";
		};
		3AC8CD0426F79E990045DB67 /* Onboarding */ = {
			isa = PBXGroup;
			children = (
				3AC8CD0726F79EC40045DB67 /* OnboardingViewController.swift */,
			);
			path = Onboarding;
			sourceTree = "<group>";
		};
		AAADF53435E7221597BF9176 /* Pods */ = {
			isa = PBXGroup;
			children = (
				8C5B845924D409E18CDBA6A4 /* Pods-FakeCalls.debug.xcconfig */,
				D3834D96D5C88F5DC81BA97B /* Pods-FakeCalls.release.xcconfig */,
			);
			path = Pods;
			sourceTree = "<group>";
		};
		AF4C56162700A6E900322283 /* Fonts */ = {
			isa = PBXGroup;
			children = (
				AF4C56172700AD4C00322283 /* hk-grotesk.semibold.ttf */,
				AF4C56192700AD6000322283 /* hk-grotesk.regular.ttf */,
				AF4C561B2700AD6A00322283 /* hk-grotesk.medium.ttf */,
				AF4C561D2700AD7400322283 /* hk-grotesk.bold.ttf */,
				AF4C561F2700AF0C00322283 /* HKGrotesk-ExtraBold.ttf */,
			);
			path = Fonts;
			sourceTree = "<group>";
		};
		AFBD1B2126F74AA6007F68AB = {
			isa = PBXGroup;
			children = (
				AFBD1B2C26F74AA6007F68AB /* FakeCalls */,
				AFBD1B2B26F74AA6007F68AB /* Products */,
				AAADF53435E7221597BF9176 /* Pods */,
				34849160971C0C448FDF677D /* Frameworks */,
			);
			sourceTree = "<group>";
		};
		AFBD1B2B26F74AA6007F68AB /* Products */ = {
			isa = PBXGroup;
			children = (
				AFBD1B2A26F74AA6007F68AB /* FakeCalls.app */,
			);
			name = Products;
			sourceTree = "<group>";
		};
		AFBD1B2C26F74AA6007F68AB /* FakeCalls */ = {
			isa = PBXGroup;
			children = (
				AFBD1B2D26F74AA6007F68AB /* AppDelegate.swift */,
				3AC8CD0126F79E760045DB67 /* ViewControllers */,
				3AC8CCF326F796A40045DB67 /* Managers */,
				3AC8CCFC26F79DE40045DB67 /* Storyboards */,
				AFF32CF32709B4A600B0DD10 /* Helpers */,
				AF4C56162700A6E900322283 /* Fonts */,
				AFBD1B3626F74AAA007F68AB /* Assets.xcassets */,
				AFBD1B3826F74AAA007F68AB /* LaunchScreen.storyboard */,
				AFBD1B3B26F74AAA007F68AB /* Info.plist */,
			);
			path = FakeCalls;
			sourceTree = "<group>";
		};
		AFF32CF32709B4A600B0DD10 /* Helpers */ = {
			isa = PBXGroup;
			children = (
				AF4C56212700BF1000322283 /* Constants.swift */,
				AFBD1B4426FA09B4007F68AB /* PrimaryButton.swift */,
				AF4C56252706639200322283 /* SecondaryButton.swift */,
				AFBD1B4626FA13F1007F68AB /* UIView+extension.swift */,
			);
			path = Helpers;
			sourceTree = "<group>";
		};
/* End PBXGroup section */

/* Begin PBXNativeTarget section */
		AFBD1B2926F74AA6007F68AB /* FakeCalls */ = {
			isa = PBXNativeTarget;
			buildConfigurationList = AFBD1B3E26F74AAA007F68AB /* Build configuration list for PBXNativeTarget "FakeCalls" */;
			buildPhases = (
				58C2DE438735439DE6958F79 /* [CP] Check Pods Manifest.lock */,
				AFBD1B2626F74AA6007F68AB /* Sources */,
				AFBD1B2726F74AA6007F68AB /* Frameworks */,
				AFBD1B2826F74AA6007F68AB /* Resources */,
			);
			buildRules = (
			);
			dependencies = (
			);
			name = FakeCalls;
			productName = FakeCalls;
			productReference = AFBD1B2A26F74AA6007F68AB /* FakeCalls.app */;
			productType = "com.apple.product-type.application";
		};
/* End PBXNativeTarget section */

/* Begin PBXProject section */
		AFBD1B2226F74AA6007F68AB /* Project object */ = {
			isa = PBXProject;
			attributes = {
				LastSwiftUpdateCheck = 1250;
				LastUpgradeCheck = 1250;
				TargetAttributes = {
					AFBD1B2926F74AA6007F68AB = {
						CreatedOnToolsVersion = 12.5.1;
					};
				};
			};
			buildConfigurationList = AFBD1B2526F74AA6007F68AB /* Build configuration list for PBXProject "FakeCalls" */;
			compatibilityVersion = "Xcode 9.3";
			developmentRegion = en;
			hasScannedForEncodings = 0;
			knownRegions = (
				en,
				Base,
			);
			mainGroup = AFBD1B2126F74AA6007F68AB;
			productRefGroup = AFBD1B2B26F74AA6007F68AB /* Products */;
			projectDirPath = "";
			projectRoot = "";
			targets = (
				AFBD1B2926F74AA6007F68AB /* FakeCalls */,
			);
		};
/* End PBXProject section */

/* Begin PBXResourcesBuildPhase section */
		AFBD1B2826F74AA6007F68AB /* Resources */ = {
			isa = PBXResourcesBuildPhase;
			buildActionMask = 2147483647;
			files = (
				AFBD1B3A26F74AAA007F68AB /* LaunchScreen.storyboard in Resources */,
				3AC8CD0026F79E160045DB67 /* Main.storyboard in Resources */,
				AF4C561E2700AD7400322283 /* hk-grotesk.bold.ttf in Resources */,
				AFBD1B3726F74AAA007F68AB /* Assets.xcassets in Resources */,
				AFBD1B3526F74AA6007F68AB /* Welcome.storyboard in Resources */,
				AF4C561A2700AD6000322283 /* hk-grotesk.regular.ttf in Resources */,
				3AC8CCFE26F79DF90045DB67 /* Onboarding.storyboard in Resources */,
				AF4C56182700AD4C00322283 /* hk-grotesk.semibold.ttf in Resources */,
				AF4C561C2700AD6A00322283 /* hk-grotesk.medium.ttf in Resources */,
				AF4C56202700AF0C00322283 /* HKGrotesk-ExtraBold.ttf in Resources */,
			);
			runOnlyForDeploymentPostprocessing = 0;
		};
/* End PBXResourcesBuildPhase section */

/* Begin PBXShellScriptBuildPhase section */
		58C2DE438735439DE6958F79 /* [CP] Check Pods Manifest.lock */ = {
			isa = PBXShellScriptBuildPhase;
			buildActionMask = 2147483647;
			files = (
			);
			inputFileListPaths = (
			);
			inputPaths = (
				"${PODS_PODFILE_DIR_PATH}/Podfile.lock",
				"${PODS_ROOT}/Manifest.lock",
			);
			name = "[CP] Check Pods Manifest.lock";
			outputFileListPaths = (
			);
			outputPaths = (
				"$(DERIVED_FILE_DIR)/Pods-FakeCalls-checkManifestLockResult.txt",
			);
			runOnlyForDeploymentPostprocessing = 0;
			shellPath = /bin/sh;
			shellScript = "diff \"${PODS_PODFILE_DIR_PATH}/Podfile.lock\" \"${PODS_ROOT}/Manifest.lock\" > /dev/null\nif [ $? != 0 ] ; then\n    # print error to STDERR\n    echo \"error: The sandbox is not in sync with the Podfile.lock. Run 'pod install' or update your CocoaPods installation.\" >&2\n    exit 1\nfi\n# This output is used by Xcode 'outputs' to avoid re-running this script phase.\necho \"SUCCESS\" > \"${SCRIPT_OUTPUT_FILE_0}\"\n";
			showEnvVarsInLog = 0;
		};
/* End PBXShellScriptBuildPhase section */

/* Begin PBXSourcesBuildPhase section */
		AFBD1B2626F74AA6007F68AB /* Sources */ = {
			isa = PBXSourcesBuildPhase;
			buildActionMask = 2147483647;
			files = (
				AFBD1B4526FA09B4007F68AB /* PrimaryButton.swift in Sources */,
				AFF32CEE2708AE4B00B0DD10 /* CallerViewController.swift in Sources */,
				AFF32CF22708C08F00B0DD10 /* CallerVoiceViewController.swift in Sources */,
				AFF32CF02708C01600B0DD10 /* RingtoneViewController.swift in Sources */,
				3AC8CD0626F79EB50045DB67 /* MainViewController.swift in Sources */,
				AFBD1B4726FA13F1007F68AB /* UIView+extension.swift in Sources */,
				AFBD1B3226F74AA6007F68AB /* WelcomeViewController.swift in Sources */,
				AFBD1B2E26F74AA6007F68AB /* AppDelegate.swift in Sources */,
				3AC8CD0826F79EC40045DB67 /* OnboardingViewController.swift in Sources */,
				AF4C56262706639200322283 /* SecondaryButton.swift in Sources */,
				AF4C56222700BF1000322283 /* Constants.swift in Sources */,
				3AC8CCFB26F79A320045DB67 /* BackgroundImageViewController.swift in Sources */,
				3AC8CCF726F7970D0045DB67 /* NotificationManager.swift in Sources */,
				3AC8CCF526F796BA0045DB67 /* SubscriptionManager.swift in Sources */,
				3AC8CCF926F797440045DB67 /* LandscapeManager.swift in Sources */,
				AF4C56242702362500322283 /* SettingsViewController.swift in Sources */,
			);
			runOnlyForDeploymentPostprocessing = 0;
		};
/* End PBXSourcesBuildPhase section */

/* Begin PBXVariantGroup section */
		AFBD1B3326F74AA6007F68AB /* Welcome.storyboard */ = {
			isa = PBXVariantGroup;
			children = (
				AFBD1B3426F74AA6007F68AB /* Base */,
			);
			name = Welcome.storyboard;
			sourceTree = "<group>";
		};
		AFBD1B3826F74AAA007F68AB /* LaunchScreen.storyboard */ = {
			isa = PBXVariantGroup;
			children = (
				AFBD1B3926F74AAA007F68AB /* Base */,
			);
			name = LaunchScreen.storyboard;
			sourceTree = "<group>";
		};
/* End PBXVariantGroup section */

/* Begin XCBuildConfiguration section */
		AFBD1B3C26F74AAA007F68AB /* Debug */ = {
			isa = XCBuildConfiguration;
			buildSettings = {
				ALWAYS_SEARCH_USER_PATHS = NO;
				CLANG_ANALYZER_NONNULL = YES;
				CLANG_ANALYZER_NUMBER_OBJECT_CONVERSION = YES_AGGRESSIVE;
				CLANG_CXX_LANGUAGE_STANDARD = "gnu++14";
				CLANG_CXX_LIBRARY = "libc++";
				CLANG_ENABLE_MODULES = YES;
				CLANG_ENABLE_OBJC_ARC = YES;
				CLANG_ENABLE_OBJC_WEAK = YES;
				CLANG_WARN_BLOCK_CAPTURE_AUTORELEASING = YES;
				CLANG_WARN_BOOL_CONVERSION = YES;
				CLANG_WARN_COMMA = YES;
				CLANG_WARN_CONSTANT_CONVERSION = YES;
				CLANG_WARN_DEPRECATED_OBJC_IMPLEMENTATIONS = YES;
				CLANG_WARN_DIRECT_OBJC_ISA_USAGE = YES_ERROR;
				CLANG_WARN_DOCUMENTATION_COMMENTS = YES;
				CLANG_WARN_EMPTY_BODY = YES;
				CLANG_WARN_ENUM_CONVERSION = YES;
				CLANG_WARN_INFINITE_RECURSION = YES;
				CLANG_WARN_INT_CONVERSION = YES;
				CLANG_WARN_NON_LITERAL_NULL_CONVERSION = YES;
				CLANG_WARN_OBJC_IMPLICIT_RETAIN_SELF = YES;
				CLANG_WARN_OBJC_LITERAL_CONVERSION = YES;
				CLANG_WARN_OBJC_ROOT_CLASS = YES_ERROR;
				CLANG_WARN_QUOTED_INCLUDE_IN_FRAMEWORK_HEADER = YES;
				CLANG_WARN_RANGE_LOOP_ANALYSIS = YES;
				CLANG_WARN_STRICT_PROTOTYPES = YES;
				CLANG_WARN_SUSPICIOUS_MOVE = YES;
				CLANG_WARN_UNGUARDED_AVAILABILITY = YES_AGGRESSIVE;
				CLANG_WARN_UNREACHABLE_CODE = YES;
				CLANG_WARN__DUPLICATE_METHOD_MATCH = YES;
				COPY_PHASE_STRIP = NO;
				DEBUG_INFORMATION_FORMAT = dwarf;
				ENABLE_STRICT_OBJC_MSGSEND = YES;
				ENABLE_TESTABILITY = YES;
				GCC_C_LANGUAGE_STANDARD = gnu11;
				GCC_DYNAMIC_NO_PIC = NO;
				GCC_NO_COMMON_BLOCKS = YES;
				GCC_OPTIMIZATION_LEVEL = 0;
				GCC_PREPROCESSOR_DEFINITIONS = (
					"DEBUG=1",
					"$(inherited)",
				);
				GCC_WARN_64_TO_32_BIT_CONVERSION = YES;
				GCC_WARN_ABOUT_RETURN_TYPE = YES_ERROR;
				GCC_WARN_UNDECLARED_SELECTOR = YES;
				GCC_WARN_UNINITIALIZED_AUTOS = YES_AGGRESSIVE;
				GCC_WARN_UNUSED_FUNCTION = YES;
				GCC_WARN_UNUSED_VARIABLE = YES;
				IPHONEOS_DEPLOYMENT_TARGET = 14.5;
				MTL_ENABLE_DEBUG_INFO = INCLUDE_SOURCE;
				MTL_FAST_MATH = YES;
				ONLY_ACTIVE_ARCH = YES;
				SDKROOT = iphoneos;
				SWIFT_ACTIVE_COMPILATION_CONDITIONS = DEBUG;
				SWIFT_OPTIMIZATION_LEVEL = "-Onone";
			};
			name = Debug;
		};
		AFBD1B3D26F74AAA007F68AB /* Release */ = {
			isa = XCBuildConfiguration;
			buildSettings = {
				ALWAYS_SEARCH_USER_PATHS = NO;
				CLANG_ANALYZER_NONNULL = YES;
				CLANG_ANALYZER_NUMBER_OBJECT_CONVERSION = YES_AGGRESSIVE;
				CLANG_CXX_LANGUAGE_STANDARD = "gnu++14";
				CLANG_CXX_LIBRARY = "libc++";
				CLANG_ENABLE_MODULES = YES;
				CLANG_ENABLE_OBJC_ARC = YES;
				CLANG_ENABLE_OBJC_WEAK = YES;
				CLANG_WARN_BLOCK_CAPTURE_AUTORELEASING = YES;
				CLANG_WARN_BOOL_CONVERSION = YES;
				CLANG_WARN_COMMA = YES;
				CLANG_WARN_CONSTANT_CONVERSION = YES;
				CLANG_WARN_DEPRECATED_OBJC_IMPLEMENTATIONS = YES;
				CLANG_WARN_DIRECT_OBJC_ISA_USAGE = YES_ERROR;
				CLANG_WARN_DOCUMENTATION_COMMENTS = YES;
				CLANG_WARN_EMPTY_BODY = YES;
				CLANG_WARN_ENUM_CONVERSION = YES;
				CLANG_WARN_INFINITE_RECURSION = YES;
				CLANG_WARN_INT_CONVERSION = YES;
				CLANG_WARN_NON_LITERAL_NULL_CONVERSION = YES;
				CLANG_WARN_OBJC_IMPLICIT_RETAIN_SELF = YES;
				CLANG_WARN_OBJC_LITERAL_CONVERSION = YES;
				CLANG_WARN_OBJC_ROOT_CLASS = YES_ERROR;
				CLANG_WARN_QUOTED_INCLUDE_IN_FRAMEWORK_HEADER = YES;
				CLANG_WARN_RANGE_LOOP_ANALYSIS = YES;
				CLANG_WARN_STRICT_PROTOTYPES = YES;
				CLANG_WARN_SUSPICIOUS_MOVE = YES;
				CLANG_WARN_UNGUARDED_AVAILABILITY = YES_AGGRESSIVE;
				CLANG_WARN_UNREACHABLE_CODE = YES;
				CLANG_WARN__DUPLICATE_METHOD_MATCH = YES;
				COPY_PHASE_STRIP = NO;
				DEBUG_INFORMATION_FORMAT = "dwarf-with-dsym";
				ENABLE_NS_ASSERTIONS = NO;
				ENABLE_STRICT_OBJC_MSGSEND = YES;
				GCC_C_LANGUAGE_STANDARD = gnu11;
				GCC_NO_COMMON_BLOCKS = YES;
				GCC_WARN_64_TO_32_BIT_CONVERSION = YES;
				GCC_WARN_ABOUT_RETURN_TYPE = YES_ERROR;
				GCC_WARN_UNDECLARED_SELECTOR = YES;
				GCC_WARN_UNINITIALIZED_AUTOS = YES_AGGRESSIVE;
				GCC_WARN_UNUSED_FUNCTION = YES;
				GCC_WARN_UNUSED_VARIABLE = YES;
				IPHONEOS_DEPLOYMENT_TARGET = 14.5;
				MTL_ENABLE_DEBUG_INFO = NO;
				MTL_FAST_MATH = YES;
				SDKROOT = iphoneos;
				SWIFT_COMPILATION_MODE = wholemodule;
				SWIFT_OPTIMIZATION_LEVEL = "-O";
				VALIDATE_PRODUCT = YES;
			};
			name = Release;
		};
		AFBD1B3F26F74AAA007F68AB /* Debug */ = {
			isa = XCBuildConfiguration;
			baseConfigurationReference = 8C5B845924D409E18CDBA6A4 /* Pods-FakeCalls.debug.xcconfig */;
			buildSettings = {
				ASSETCATALOG_COMPILER_APPICON_NAME = AppIcon;
				ASSETCATALOG_COMPILER_GLOBAL_ACCENT_COLOR_NAME = AccentColor;
				CODE_SIGN_STYLE = Automatic;
				DEVELOPMENT_TEAM = JGF77Y5RVZ;
				"EXCLUDED_ARCHS[sdk=*]" = arm64;
				INFOPLIST_FILE = FakeCalls/Info.plist;
				IPHONEOS_DEPLOYMENT_TARGET = 12.1;
				LD_RUNPATH_SEARCH_PATHS = (
					"$(inherited)",
					"@executable_path/Frameworks",
				);
				PRODUCT_BUNDLE_IDENTIFIER = com.vladm.FakeCalls;
				PRODUCT_NAME = "$(TARGET_NAME)";
				SWIFT_VERSION = 5.0;
				TARGETED_DEVICE_FAMILY = 1;
			};
			name = Debug;
		};
		AFBD1B4026F74AAA007F68AB /* Release */ = {
			isa = XCBuildConfiguration;
			baseConfigurationReference = D3834D96D5C88F5DC81BA97B /* Pods-FakeCalls.release.xcconfig */;
			buildSettings = {
				ASSETCATALOG_COMPILER_APPICON_NAME = AppIcon;
				ASSETCATALOG_COMPILER_GLOBAL_ACCENT_COLOR_NAME = AccentColor;
				CODE_SIGN_STYLE = Automatic;
				DEVELOPMENT_TEAM = JGF77Y5RVZ;
				INFOPLIST_FILE = FakeCalls/Info.plist;
				IPHONEOS_DEPLOYMENT_TARGET = 12.1;
				LD_RUNPATH_SEARCH_PATHS = (
					"$(inherited)",
					"@executable_path/Frameworks",
				);
				PRODUCT_BUNDLE_IDENTIFIER = com.vladm.FakeCalls;
				PRODUCT_NAME = "$(TARGET_NAME)";
				SWIFT_VERSION = 5.0;
				TARGETED_DEVICE_FAMILY = 1;
			};
			name = Release;
		};
/* End XCBuildConfiguration section */

/* Begin XCConfigurationList section */
		AFBD1B2526F74AA6007F68AB /* Build configuration list for PBXProject "FakeCalls" */ = {
			isa = XCConfigurationList;
			buildConfigurations = (
				AFBD1B3C26F74AAA007F68AB /* Debug */,
				AFBD1B3D26F74AAA007F68AB /* Release */,
			);
			defaultConfigurationIsVisible = 0;
			defaultConfigurationName = Release;
		};
		AFBD1B3E26F74AAA007F68AB /* Build configuration list for PBXNativeTarget "FakeCalls" */ = {
			isa = XCConfigurationList;
			buildConfigurations = (
				AFBD1B3F26F74AAA007F68AB /* Debug */,
				AFBD1B4026F74AAA007F68AB /* Release */,
			);
			defaultConfigurationIsVisible = 0;
			defaultConfigurationName = Release;
		};
/* End XCConfigurationList section */
	};
	rootObject = AFBD1B2226F74AA6007F68AB /* Project object */;
}
