// !$*UTF8*$!
{
	archiveVersion = 1;
	classes = {
	};
	objectVersion = 50;
	objects = {

/* Begin PBXBuildFile section */
		46027F2C4A49B6B0F3796448 /* libPods-FakeCalls.a in Frameworks */ = {isa = PBXBuildFile; fileRef = 5957817588640AE302853A56 /* libPods-FakeCalls.a */; };
		AFBD1B2E26F74AA6007F68AB /* AppDelegate.swift in Sources */ = {isa = PBXBuildFile; fileRef = AFBD1B2D26F74AA6007F68AB /* AppDelegate.swift */; };
		AFBD1B3226F74AA6007F68AB /* ViewController.swift in Sources */ = {isa = PBXBuildFile; fileRef = AFBD1B3126F74AA6007F68AB /* ViewController.swift */; };
		AFBD1B3526F74AA6007F68AB /* Main.storyboard in Resources */ = {isa = PBXBuildFile; fileRef = AFBD1B3326F74AA6007F68AB /* Main.storyboard */; };
		AFBD1B3726F74AAA007F68AB /* Assets.xcassets in Resources */ = {isa = PBXBuildFile; fileRef = AFBD1B3626F74AAA007F68AB /* Assets.xcassets */; };
		AFBD1B3A26F74AAA007F68AB /* LaunchScreen.storyboard in Resources */ = {isa = PBXBuildFile; fileRef = AFBD1B3826F74AAA007F68AB /* LaunchScreen.storyboard */; };
/* End PBXBuildFile section */

/* Begin PBXFileReference section */
		5957817588640AE302853A56 /* libPods-FakeCalls.a */ = {isa = PBXFileReference; explicitFileType = archive.ar; includeInIndex = 0; path = "libPods-FakeCalls.a"; sourceTree = BUILT_PRODUCTS_DIR; };
		8C5B845924D409E18CDBA6A4 /* Pods-FakeCalls.debug.xcconfig */ = {isa = PBXFileReference; includeInIndex = 1; lastKnownFileType = text.xcconfig; name = "Pods-FakeCalls.debug.xcconfig"; path = "Target Support Files/Pods-FakeCalls/Pods-FakeCalls.debug.xcconfig"; sourceTree = "<group>"; };
		AFBD1B2A26F74AA6007F68AB /* FakeCalls.app */ = {isa = PBXFileReference; explicitFileType = wrapper.application; includeInIndex = 0; path = FakeCalls.app; sourceTree = BUILT_PRODUCTS_DIR; };
		AFBD1B2D26F74AA6007F68AB /* AppDelegate.swift */ = {isa = PBXFileReference; lastKnownFileType = sourcecode.swift; path = AppDelegate.swift; sourceTree = "<group>"; };
		AFBD1B3126F74AA6007F68AB /* ViewController.swift */ = {isa = PBXFileReference; lastKnownFileType = sourcecode.swift; path = ViewController.swift; sourceTree = "<group>"; };
		AFBD1B3426F74AA6007F68AB /* Base */ = {isa = PBXFileReference; lastKnownFileType = file.storyboard; name = Base; path = Base.lproj/Main.storyboard; sourceTree = "<group>"; };
		AFBD1B3626F74AAA007F68AB /* Assets.xcassets */ = {isa = PBXFileReference; lastKnownFileType = folder.assetcatalog; path = Assets.xcassets; sourceTree = "<group>"; };
		AFBD1B3926F74AAA007F68AB /* Base */ = {isa = PBXFileReference; lastKnownFileType = file.storyboard; name = Base; path = Base.lproj/LaunchScreen.storyboard; sourceTree = "<group>"; };
		AFBD1B3B26F74AAA007F68AB /* Info.plist */ = {isa = PBXFileReference; lastKnownFileType = text.plist.xml; path = Info.plist; sourceTree = "<group>"; };
		D3834D96D5C88F5DC81BA97B /* Pods-FakeCalls.release.xcconfig */ = {isa = PBXFileReference; includeInIndex = 1; lastKnownFileType = text.xcconfig; name = "Pods-FakeCalls.release.xcconfig"; path = "Target Support Files/Pods-FakeCalls/Pods-FakeCalls.release.xcconfig"; sourceTree = "<group>"; };
/* End PBXFileReference section */

/* Begin PBXFrameworksBuildPhase section */
		AFBD1B2726F74AA6007F68AB /* Frameworks */ = {
			isa = PBXFrameworksBuildPhase;
			buildActionMask = 2147483647;
			files = (
				46027F2C4A49B6B0F3796448 /* libPods-FakeCalls.a in Frameworks */,
			);
			runOnlyForDeploymentPostprocessing = 0;
		};
/* End PBXFrameworksBuildPhase section */

/* Begin PBXGroup section */
		34849160971C0C448FDF677D /* Frameworks */ = {
			isa = PBXGroup;
			children = (
				5957817588640AE302853A56 /* libPods-FakeCalls.a */,
			);
			name = Frameworks;
			sourceTree = "<group>";
		};
		AAADF53435E7221597BF9176 /* Pods */ = {
			isa = PBXGroup;
			children = (
				8C5B845924D409E18CDBA6A4 /* Pods-FakeCalls.debug.xcconfig */,
				D3834D96D5C88F5DC81BA97B /* Pods-FakeCalls.release.xcconfig */,
			);
			path = Pods;
			sourceTree = "<group>";
		};
		AFBD1B2126F74AA6007F68AB = {
			isa = PBXGroup;
			children = (
				AFBD1B2C26F74AA6007F68AB /* FakeCalls */,
				AFBD1B2B26F74AA6007F68AB /* Products */,
				AAADF53435E7221597BF9176 /* Pods */,
				34849160971C0C448FDF677D /* Frameworks */,
			);
			sourceTree = "<group>";
		};
		AFBD1B2B26F74AA6007F68AB /* Products */ = {
			isa = PBXGroup;
			children = (
				AFBD1B2A26F74AA6007F68AB /* FakeCalls.app */,
			);
			name = Products;
			sourceTree = "<group>";
		};
		AFBD1B2C26F74AA6007F68AB /* FakeCalls */ = {
			isa = PBXGroup;
			children = (
				AFBD1B2D26F74AA6007F68AB /* AppDelegate.swift */,
				AFBD1B3126F74AA6007F68AB /* ViewController.swift */,
				AFBD1B3326F74AA6007F68AB /* Main.storyboard */,
				AFBD1B3626F74AAA007F68AB /* Assets.xcassets */,
				AFBD1B3826F74AAA007F68AB /* LaunchScreen.storyboard */,
				AFBD1B3B26F74AAA007F68AB /* Info.plist */,
			);
			path = FakeCalls;
			sourceTree = "<group>";
		};
/* End PBXGroup section */

/* Begin PBXNativeTarget section */
		AFBD1B2926F74AA6007F68AB /* FakeCalls */ = {
			isa = PBXNativeTarget;
			buildConfigurationList = AFBD1B3E26F74AAA007F68AB /* Build configuration list for PBXNativeTarget "FakeCalls" */;
			buildPhases = (
				58C2DE438735439DE6958F79 /* [CP] Check Pods Manifest.lock */,
				AFBD1B2626F74AA6007F68AB /* Sources */,
				AFBD1B2726F74AA6007F68AB /* Frameworks */,
				AFBD1B2826F74AA6007F68AB /* Resources */,
			);
			buildRules = (
			);
			dependencies = (
			);
			name = FakeCalls;
			productName = FakeCalls;
			productReference = AFBD1B2A26F74AA6007F68AB /* FakeCalls.app */;
			productType = "com.apple.product-type.application";
		};
/* End PBXNativeTarget section */

/* Begin PBXProject section */
		AFBD1B2226F74AA6007F68AB /* Project object */ = {
			isa = PBXProject;
			attributes = {
				LastSwiftUpdateCheck = 1250;
				LastUpgradeCheck = 1250;
				TargetAttributes = {
					AFBD1B2926F74AA6007F68AB = {
						CreatedOnToolsVersion = 12.5.1;
					};
				};
			};
			buildConfigurationList = AFBD1B2526F74AA6007F68AB /* Build configuration list for PBXProject "FakeCalls" */;
			compatibilityVersion = "Xcode 9.3";
			developmentRegion = en;
			hasScannedForEncodings = 0;
			knownRegions = (
				en,
				Base,
			);
			mainGroup = AFBD1B2126F74AA6007F68AB;
			productRefGroup = AFBD1B2B26F74AA6007F68AB /* Products */;
			projectDirPath = "";
			projectRoot = "";
			targets = (
				AFBD1B2926F74AA6007F68AB /* FakeCalls */,
			);
		};
/* End PBXProject section */

/* Begin PBXResourcesBuildPhase section */
		AFBD1B2826F74AA6007F68AB /* Resources */ = {
			isa = PBXResourcesBuildPhase;
			buildActionMask = 2147483647;
			files = (
				AFBD1B3A26F74AAA007F68AB /* LaunchScreen.storyboard in Resources */,
				AFBD1B3726F74AAA007F68AB /* Assets.xcassets in Resources */,
				AFBD1B3526F74AA6007F68AB /* Main.storyboard in Resources */,
			);
			runOnlyForDeploymentPostprocessing = 0;
		};
/* End PBXResourcesBuildPhase section */

/* Begin PBXShellScriptBuildPhase section */
		58C2DE438735439DE6958F79 /* [CP] Check Pods Manifest.lock */ = {
			isa = PBXShellScriptBuildPhase;
			buildActionMask = 2147483647;
			files = (
			);
			inputFileListPaths = (
			);
			inputPaths = (
				"${PODS_PODFILE_DIR_PATH}/Podfile.lock",
				"${PODS_ROOT}/Manifest.lock",
			);
			name = "[CP] Check Pods Manifest.lock";
			outputFileListPaths = (
			);
			outputPaths = (
				"$(DERIVED_FILE_DIR)/Pods-FakeCalls-checkManifestLockResult.txt",
			);
			runOnlyForDeploymentPostprocessing = 0;
			shellPath = /bin/sh;
			shellScript = "diff \"${PODS_PODFILE_DIR_PATH}/Podfile.lock\" \"${PODS_ROOT}/Manifest.lock\" > /dev/null\nif [ $? != 0 ] ; then\n    # print error to STDERR\n    echo \"error: The sandbox is not in sync with the Podfile.lock. Run 'pod install' or update your CocoaPods installation.\" >&2\n    exit 1\nfi\n# This output is used by Xcode 'outputs' to avoid re-running this script phase.\necho \"SUCCESS\" > \"${SCRIPT_OUTPUT_FILE_0}\"\n";
			showEnvVarsInLog = 0;
		};
/* End PBXShellScriptBuildPhase section */

/* Begin PBXSourcesBuildPhase section */
		AFBD1B2626F74AA6007F68AB /* Sources */ = {
			isa = PBXSourcesBuildPhase;
			buildActionMask = 2147483647;
			files = (
				AFBD1B3226F74AA6007F68AB /* ViewController.swift in Sources */,
				AFBD1B2E26F74AA6007F68AB /* AppDelegate.swift in Sources */,
			);
			runOnlyForDeploymentPostprocessing = 0;
		};
/* End PBXSourcesBuildPhase section */

/* Begin PBXVariantGroup section */
		AFBD1B3326F74AA6007F68AB /* Main.storyboard */ = {
			isa = PBXVariantGroup;
			children = (
				AFBD1B3426F74AA6007F68AB /* Base */,
			);
			name = Main.storyboard;
			sourceTree = "<group>";
		};
		AFBD1B3826F74AAA007F68AB /* LaunchScreen.storyboard */ = {
			isa = PBXVariantGroup;
			children = (
				AFBD1B3926F74AAA007F68AB /* Base */,
			);
			name = LaunchScreen.storyboard;
			sourceTree = "<group>";
		};
/* End PBXVariantGroup section */

/* Begin XCBuildConfiguration section */
		AFBD1B3C26F74AAA007F68AB /* Debug */ = {
			isa = XCBuildConfiguration;
			buildSettings = {
				ALWAYS_SEARCH_USER_PATHS = NO;
				CLANG_ANALYZER_NONNULL = YES;
				CLANG_ANALYZER_NUMBER_OBJECT_CONVERSION = YES_AGGRESSIVE;
				CLANG_CXX_LANGUAGE_STANDARD = "gnu++14";
				CLANG_CXX_LIBRARY = "libc++";
				CLANG_ENABLE_MODULES = YES;
				CLANG_ENABLE_OBJC_ARC = YES;
				CLANG_ENABLE_OBJC_WEAK = YES;
				CLANG_WARN_BLOCK_CAPTURE_AUTORELEASING = YES;
				CLANG_WARN_BOOL_CONVERSION = YES;
				CLANG_WARN_COMMA = YES;
				CLANG_WARN_CONSTANT_CONVERSION = YES;
				CLANG_WARN_DEPRECATED_OBJC_IMPLEMENTATIONS = YES;
				CLANG_WARN_DIRECT_OBJC_ISA_USAGE = YES_ERROR;
				CLANG_WARN_DOCUMENTATION_COMMENTS = YES;
				CLANG_WARN_EMPTY_BODY = YES;
				CLANG_WARN_ENUM_CONVERSION = YES;
				CLANG_WARN_INFINITE_RECURSION = YES;
				CLANG_WARN_INT_CONVERSION = YES;
				CLANG_WARN_NON_LITERAL_NULL_CONVERSION = YES;
				CLANG_WARN_OBJC_IMPLICIT_RETAIN_SELF = YES;
				CLANG_WARN_OBJC_LITERAL_CONVERSION = YES;
				CLANG_WARN_OBJC_ROOT_CLASS = YES_ERROR;
				CLANG_WARN_QUOTED_INCLUDE_IN_FRAMEWORK_HEADER = YES;
				CLANG_WARN_RANGE_LOOP_ANALYSIS = YES;
				CLANG_WARN_STRICT_PROTOTYPES = YES;
				CLANG_WARN_SUSPICIOUS_MOVE = YES;
				CLANG_WARN_UNGUARDED_AVAILABILITY = YES_AGGRESSIVE;
				CLANG_WARN_UNREACHABLE_CODE = YES;
				CLANG_WARN__DUPLICATE_METHOD_MATCH = YES;
				COPY_PHASE_STRIP = NO;
				DEBUG_INFORMATION_FORMAT = dwarf;
				ENABLE_STRICT_OBJC_MSGSEND = YES;
				ENABLE_TESTABILITY = YES;
				GCC_C_LANGUAGE_STANDARD = gnu11;
				GCC_DYNAMIC_NO_PIC = NO;
				GCC_NO_COMMON_BLOCKS = YES;
				GCC_OPTIMIZATION_LEVEL = 0;
				GCC_PREPROCESSOR_DEFINITIONS = (
					"DEBUG=1",
					"$(inherited)",
				);
				GCC_WARN_64_TO_32_BIT_CONVERSION = YES;
				GCC_WARN_ABOUT_RETURN_TYPE = YES_ERROR;
				GCC_WARN_UNDECLARED_SELECTOR = YES;
				GCC_WARN_UNINITIALIZED_AUTOS = YES_AGGRESSIVE;
				GCC_WARN_UNUSED_FUNCTION = YES;
				GCC_WARN_UNUSED_VARIABLE = YES;
				IPHONEOS_DEPLOYMENT_TARGET = 14.5;
				MTL_ENABLE_DEBUG_INFO = INCLUDE_SOURCE;
				MTL_FAST_MATH = YES;
				ONLY_ACTIVE_ARCH = YES;
				SDKROOT = iphoneos;
				SWIFT_ACTIVE_COMPILATION_CONDITIONS = DEBUG;
				SWIFT_OPTIMIZATION_LEVEL = "-Onone";
			};
			name = Debug;
		};
		AFBD1B3D26F74AAA007F68AB /* Release */ = {
			isa = XCBuildConfiguration;
			buildSettings = {
				ALWAYS_SEARCH_USER_PATHS = NO;
				CLANG_ANALYZER_NONNULL = YES;
				CLANG_ANALYZER_NUMBER_OBJECT_CONVERSION = YES_AGGRESSIVE;
				CLANG_CXX_LANGUAGE_STANDARD = "gnu++14";
				CLANG_CXX_LIBRARY = "libc++";
				CLANG_ENABLE_MODULES = YES;
				CLANG_ENABLE_OBJC_ARC = YES;
				CLANG_ENABLE_OBJC_WEAK = YES;
				CLANG_WARN_BLOCK_CAPTURE_AUTORELEASING = YES;
				CLANG_WARN_BOOL_CONVERSION = YES;
				CLANG_WARN_COMMA = YES;
				CLANG_WARN_CONSTANT_CONVERSION = YES;
				CLANG_WARN_DEPRECATED_OBJC_IMPLEMENTATIONS = YES;
				CLANG_WARN_DIRECT_OBJC_ISA_USAGE = YES_ERROR;
				CLANG_WARN_DOCUMENTATION_COMMENTS = YES;
				CLANG_WARN_EMPTY_BODY = YES;
				CLANG_WARN_ENUM_CONVERSION = YES;
				CLANG_WARN_INFINITE_RECURSION = YES;
				CLANG_WARN_INT_CONVERSION = YES;
				CLANG_WARN_NON_LITERAL_NULL_CONVERSION = YES;
				CLANG_WARN_OBJC_IMPLICIT_RETAIN_SELF = YES;
				CLANG_WARN_OBJC_LITERAL_CONVERSION = YES;
				CLANG_WARN_OBJC_ROOT_CLASS = YES_ERROR;
				CLANG_WARN_QUOTED_INCLUDE_IN_FRAMEWORK_HEADER = YES;
				CLANG_WARN_RANGE_LOOP_ANALYSIS = YES;
				CLANG_WARN_STRICT_PROTOTYPES = YES;
				CLANG_WARN_SUSPICIOUS_MOVE = YES;
				CLANG_WARN_UNGUARDED_AVAILABILITY = YES_AGGRESSIVE;
				CLANG_WARN_UNREACHABLE_CODE = YES;
				CLANG_WARN__DUPLICATE_METHOD_MATCH = YES;
				COPY_PHASE_STRIP = NO;
				DEBUG_INFORMATION_FORMAT = "dwarf-with-dsym";
				ENABLE_NS_ASSERTIONS = NO;
				ENABLE_STRICT_OBJC_MSGSEND = YES;
				GCC_C_LANGUAGE_STANDARD = gnu11;
				GCC_NO_COMMON_BLOCKS = YES;
				GCC_WARN_64_TO_32_BIT_CONVERSION = YES;
				GCC_WARN_ABOUT_RETURN_TYPE = YES_ERROR;
				GCC_WARN_UNDECLARED_SELECTOR = YES;
				GCC_WARN_UNINITIALIZED_AUTOS = YES_AGGRESSIVE;
				GCC_WARN_UNUSED_FUNCTION = YES;
				GCC_WARN_UNUSED_VARIABLE = YES;
				IPHONEOS_DEPLOYMENT_TARGET = 14.5;
				MTL_ENABLE_DEBUG_INFO = NO;
				MTL_FAST_MATH = YES;
				SDKROOT = iphoneos;
				SWIFT_COMPILATION_MODE = wholemodule;
				SWIFT_OPTIMIZATION_LEVEL = "-O";
				VALIDATE_PRODUCT = YES;
			};
			name = Release;
		};
		AFBD1B3F26F74AAA007F68AB /* Debug */ = {
			isa = XCBuildConfiguration;
			baseConfigurationReference = 8C5B845924D409E18CDBA6A4 /* Pods-FakeCalls.debug.xcconfig */;
			buildSettings = {
				ASSETCATALOG_COMPILER_APPICON_NAME = AppIcon;
				ASSETCATALOG_COMPILER_GLOBAL_ACCENT_COLOR_NAME = AccentColor;
				CODE_SIGN_STYLE = Automatic;
				DEVELOPMENT_TEAM = JGF77Y5RVZ;
				"EXCLUDED_ARCHS[sdk=*]" = arm64;
				INFOPLIST_FILE = FakeCalls/Info.plist;
				IPHONEOS_DEPLOYMENT_TARGET = 12.1;
				LD_RUNPATH_SEARCH_PATHS = (
					"$(inherited)",
					"@executable_path/Frameworks",
				);
				PRODUCT_BUNDLE_IDENTIFIER = com.vladm.FakeCalls;
				PRODUCT_NAME = "$(TARGET_NAME)";
				SWIFT_VERSION = 5.0;
				TARGETED_DEVICE_FAMILY = 1;
			};
			name = Debug;
		};
		AFBD1B4026F74AAA007F68AB /* Release */ = {
			isa = XCBuildConfiguration;
			baseConfigurationReference = D3834D96D5C88F5DC81BA97B /* Pods-FakeCalls.release.xcconfig */;
			buildSettings = {
				ASSETCATALOG_COMPILER_APPICON_NAME = AppIcon;
				ASSETCATALOG_COMPILER_GLOBAL_ACCENT_COLOR_NAME = AccentColor;
				CODE_SIGN_STYLE = Automatic;
				DEVELOPMENT_TEAM = JGF77Y5RVZ;
				INFOPLIST_FILE = FakeCalls/Info.plist;
				IPHONEOS_DEPLOYMENT_TARGET = 12.1;
				LD_RUNPATH_SEARCH_PATHS = (
					"$(inherited)",
					"@executable_path/Frameworks",
				);
				PRODUCT_BUNDLE_IDENTIFIER = com.vladm.FakeCalls;
				PRODUCT_NAME = "$(TARGET_NAME)";
				SWIFT_VERSION = 5.0;
				TARGETED_DEVICE_FAMILY = 1;
			};
			name = Release;
		};
/* End XCBuildConfiguration section */

/* Begin XCConfigurationList section */
		AFBD1B2526F74AA6007F68AB /* Build configuration list for PBXProject "FakeCalls" */ = {
			isa = XCConfigurationList;
			buildConfigurations = (
				AFBD1B3C26F74AAA007F68AB /* Debug */,
				AFBD1B3D26F74AAA007F68AB /* Release */,
			);
			defaultConfigurationIsVisible = 0;
			defaultConfigurationName = Release;
		};
		AFBD1B3E26F74AAA007F68AB /* Build configuration list for PBXNativeTarget "FakeCalls" */ = {
			isa = XCConfigurationList;
			buildConfigurations = (
				AFBD1B3F26F74AAA007F68AB /* Debug */,
				AFBD1B4026F74AAA007F68AB /* Release */,
			);
			defaultConfigurationIsVisible = 0;
			defaultConfigurationName = Release;
		};
/* End XCConfigurationList section */
	};
	rootObject = AFBD1B2226F74AA6007F68AB /* Project object */;
}
